
Microsoft Visual Studio Solution File, Format Version 12.00
# Visual Studio Version 17
VisualStudioVersion = 17.14.36623.8 d17.14
MinimumVisualStudioVersion = 10.0.40219.1
Project("{FAE04EC0-301F-11D3-BF4B-00C04F79EFBC}") = "GitHubActivityCLI", "GitHubActivityCLI\GitHubActivityCLI.csproj", "{9AC67733-511F-4421-8F2B-6348CBC08D23}"
EndProject
Project("{FAE04EC0-301F-11D3-BF4B-00C04F79EFBC}") = "Services", "Services\Services.csproj", "{965A8C2B-00EB-408E-8572-6E6353959B7A}"
EndProject
Project("{FAE04EC0-301F-11D3-BF4B-00C04F79EFBC}") = "ServiceContracts", "ServiceContracts\ServiceContracts.csproj", "{559F69F3-39E7-4AC8-86A5-7AC662A848DC}"
EndProject
Global
	GlobalSection(SolutionConfigurationPlatforms) = preSolution
		Debug|Any CPU = Debug|Any CPU
		Release|Any CPU = Release|Any CPU
	EndGlobalSection
	GlobalSection(ProjectConfigurationPlatforms) = postSolution
		{9AC67733-511F-4421-8F2B-6348CBC08D23}.Debug|Any CPU.ActiveCfg = Debug|Any CPU
		{9AC67733-511F-4421-8F2B-6348CBC08D23}.Debug|Any CPU.Build.0 = Debug|Any CPU
		{9AC67733-511F-4421-8F2B-6348CBC08D23}.Release|Any CPU.ActiveCfg = Release|Any CPU
		{9AC67733-511F-4421-8F2B-6348CBC08D23}.Release|Any CPU.Build.0 = Release|Any CPU
		{965A8C2B-00EB-408E-8572-6E6353959B7A}.Debug|Any CPU.ActiveCfg = Debug|Any CPU
		{965A8C2B-00EB-408E-8572-6E6353959B7A}.Debug|Any CPU.Build.0 = Debug|Any CPU
		{965A8C2B-00EB-408E-8572-6E6353959B7A}.Release|Any CPU.ActiveCfg = Release|Any CPU
		{965A8C2B-00EB-408E-8572-6E6353959B7A}.Release|Any CPU.Build.0 = Release|Any CPU
		{559F69F3-39E7-4AC8-86A5-7AC662A848DC}.Debug|Any CPU.ActiveCfg = Debug|Any CPU
		{559F69F3-39E7-4AC8-86A5-7AC662A848DC}.Debug|Any CPU.Build.0 = Debug|Any CPU
		{559F69F3-39E7-4AC8-86A5-7AC662A848DC}.Release|Any CPU.ActiveCfg = Release|Any CPU
		{559F69F3-39E7-4AC8-86A5-7AC662A848DC}.Release|Any CPU.Build.0 = Release|Any CPU
	EndGlobalSection
	GlobalSection(SolutionProperties) = preSolution
		HideSolutionNode = FALSE
	EndGlobalSection
	GlobalSection(ExtensibilityGlobals) = postSolution
		SolutionGuid = {9D72063D-5A40-4980-B3E9-6DFB41F9232F}
	EndGlobalSection
EndGlobal
